
Microsoft Visual Studio Solution File, Format Version 12.00
# Visual Studio Version 17
VisualStudioVersion = 17.8.34330.188
MinimumVisualStudioVersion = 10.0.40219.1
Project("{FAE04EC0-301F-11D3-BF4B-00C04F79EFBC}") = "PE24A_RRDE", "PE24A_RRDE\PE24A_RRDE.csproj", "{EFA28BE6-3EF6-4F73-88C3-7326427DC3E4}"
EndProject
Project("{2150E333-8FDC-42A3-9474-1A3956D46DE8}") = "Solution Items", "Solution Items", "{78ADDB34-3488-4871-848D-A347082CFC6F}"
	ProjectSection(SolutionItems) = preProject
		.editorconfig = .editorconfig
	EndProjectSection
EndProject
Global
	GlobalSection(SolutionConfigurationPlatforms) = preSolution
		Debug|Any CPU = Debug|Any CPU
		Release|Any CPU = Release|Any CPU
	EndGlobalSection
	GlobalSection(ProjectConfigurationPlatforms) = postSolution
		{EFA28BE6-3EF6-4F73-88C3-7326427DC3E4}.Debug|Any CPU.ActiveCfg = Debug|Any CPU
		{EFA28BE6-3EF6-4F73-88C3-7326427DC3E4}.Debug|Any CPU.Build.0 = Debug|Any CPU
		{EFA28BE6-3EF6-4F73-88C3-7326427DC3E4}.Release|Any CPU.ActiveCfg = Release|Any CPU
		{EFA28BE6-3EF6-4F73-88C3-7326427DC3E4}.Release|Any CPU.Build.0 = Release|Any CPU
	EndGlobalSection
	GlobalSection(SolutionProperties) = preSolution
		HideSolutionNode = FALSE
	EndGlobalSection
	GlobalSection(ExtensibilityGlobals) = postSolution
		SolutionGuid = {6CFF0CB0-D156-4F92-942A-45935F0868F9}
	EndGlobalSection
EndGlobal
